// !$*UTF8*$!
{
	archiveVersion = 1;
	classes = {
	};
	objectVersion = 46;
	objects = {

/* Begin PBXBuildFile section */
		7B373A8D1B337C7B00BFD355 /* AppDelegate.swift in Sources */ = {isa = PBXBuildFile; fileRef = 7B373A8C1B337C7B00BFD355 /* AppDelegate.swift */; };
		7B373A8F1B337C7B00BFD355 /* ViewController.swift in Sources */ = {isa = PBXBuildFile; fileRef = 7B373A8E1B337C7B00BFD355 /* ViewController.swift */; };
		7B373A921B337C7B00BFD355 /* Main.storyboard in Resources */ = {isa = PBXBuildFile; fileRef = 7B373A901B337C7B00BFD355 /* Main.storyboard */; };
		7B373A941B337C7B00BFD355 /* Images.xcassets in Resources */ = {isa = PBXBuildFile; fileRef = 7B373A931B337C7B00BFD355 /* Images.xcassets */; };
		7B373A971B337C7B00BFD355 /* LaunchScreen.xib in Resources */ = {isa = PBXBuildFile; fileRef = 7B373A951B337C7B00BFD355 /* LaunchScreen.xib */; };
		7B373AA31B337C7B00BFD355 /* SpicyValTests.swift in Sources */ = {isa = PBXBuildFile; fileRef = 7B373AA21B337C7B00BFD355 /* SpicyValTests.swift */; };
/* End PBXBuildFile section */

/* Begin PBXContainerItemProxy section */
		7B373A9D1B337C7B00BFD355 /* PBXContainerItemProxy */ = {
			isa = PBXContainerItemProxy;
			containerPortal = 7B373A7F1B337C7B00BFD355 /* Project object */;
			proxyType = 1;
			remoteGlobalIDString = 7B373A861B337C7B00BFD355;
			remoteInfo = SpicyVal;
		};
/* End PBXContainerItemProxy section */

/* Begin PBXFileReference section */
		7B373A871B337C7B00BFD355 /* SpicyVal.app */ = {isa = PBXFileReference; explicitFileType = wrapper.application; includeInIndex = 0; path = SpicyVal.app; sourceTree = BUILT_PRODUCTS_DIR; };
		7B373A8B1B337C7B00BFD355 /* Info.plist */ = {isa = PBXFileReference; lastKnownFileType = text.plist.xml; path = Info.plist; sourceTree = "<group>"; };
		7B373A8C1B337C7B00BFD355 /* AppDelegate.swift */ = {isa = PBXFileReference; lastKnownFileType = sourcecode.swift; path = AppDelegate.swift; sourceTree = "<group>"; };
		7B373A8E1B337C7B00BFD355 /* ViewController.swift */ = {isa = PBXFileReference; lastKnownFileType = sourcecode.swift; path = ViewController.swift; sourceTree = "<group>"; };
		7B373A911B337C7B00BFD355 /* Base */ = {isa = PBXFileReference; lastKnownFileType = file.storyboard; name = Base; path = Base.lproj/Main.storyboard; sourceTree = "<group>"; };
		7B373A931B337C7B00BFD355 /* Images.xcassets */ = {isa = PBXFileReference; lastKnownFileType = folder.assetcatalog; path = Images.xcassets; sourceTree = "<group>"; };
		7B373A961B337C7B00BFD355 /* Base */ = {isa = PBXFileReference; lastKnownFileType = file.xib; name = Base; path = Base.lproj/LaunchScreen.xib; sourceTree = "<group>"; };
		7B373A9C1B337C7B00BFD355 /* SpicyValTests.xctest */ = {isa = PBXFileReference; explicitFileType = wrapper.cfbundle; includeInIndex = 0; path = SpicyValTests.xctest; sourceTree = BUILT_PRODUCTS_DIR; };
		7B373AA11B337C7B00BFD355 /* Info.plist */ = {isa = PBXFileReference; lastKnownFileType = text.plist.xml; path = Info.plist; sourceTree = "<group>"; };
		7B373AA21B337C7B00BFD355 /* SpicyValTests.swift */ = {isa = PBXFileReference; lastKnownFileType = sourcecode.swift; path = SpicyValTests.swift; sourceTree = "<group>"; };
/* End PBXFileReference section */

/* Begin PBXFrameworksBuildPhase section */
		7B373A841B337C7B00BFD355 /* Frameworks */ = {
			isa = PBXFrameworksBuildPhase;
			buildActionMask = 2147483647;
			files = (
			);
			runOnlyForDeploymentPostprocessing = 0;
		};
		7B373A991B337C7B00BFD355 /* Frameworks */ = {
			isa = PBXFrameworksBuildPhase;
			buildActionMask = 2147483647;
			files = (
			);
			runOnlyForDeploymentPostprocessing = 0;
		};
/* End PBXFrameworksBuildPhase section */

/* Begin PBXGroup section */
		7B373A7E1B337C7B00BFD355 = {
			isa = PBXGroup;
			children = (
				7B373A891B337C7B00BFD355 /* SpicyVal */,
				7B373A9F1B337C7B00BFD355 /* SpicyValTests */,
				7B373A881B337C7B00BFD355 /* Products */,
			);
			sourceTree = "<group>";
		};
		7B373A881B337C7B00BFD355 /* Products */ = {
			isa = PBXGroup;
			children = (
				7B373A871B337C7B00BFD355 /* SpicyVal.app */,
				7B373A9C1B337C7B00BFD355 /* SpicyValTests.xctest */,
			);
			name = Products;
			sourceTree = "<group>";
		};
		7B373A891B337C7B00BFD355 /* SpicyVal */ = {
			isa = PBXGroup;
			children = (
				7B373A8C1B337C7B00BFD355 /* AppDelegate.swift */,
				7B373A8E1B337C7B00BFD355 /* ViewController.swift */,
				7B373A901B337C7B00BFD355 /* Main.storyboard */,
				7B373A931B337C7B00BFD355 /* Images.xcassets */,
				7B373A951B337C7B00BFD355 /* LaunchScreen.xib */,
				7B373A8A1B337C7B00BFD355 /* Supporting Files */,
			);
			path = SpicyVal;
			sourceTree = "<group>";
		};
		7B373A8A1B337C7B00BFD355 /* Supporting Files */ = {
			isa = PBXGroup;
			children = (
				7B373A8B1B337C7B00BFD355 /* Info.plist */,
			);
			name = "Supporting Files";
			sourceTree = "<group>";
		};
		7B373A9F1B337C7B00BFD355 /* SpicyValTests */ = {
			isa = PBXGroup;
			children = (
				7B373AA21B337C7B00BFD355 /* SpicyValTests.swift */,
				7B373AA01B337C7B00BFD355 /* Supporting Files */,
			);
			path = SpicyValTests;
			sourceTree = "<group>";
		};
		7B373AA01B337C7B00BFD355 /* Supporting Files */ = {
			isa = PBXGroup;
			children = (
				7B373AA11B337C7B00BFD355 /* Info.plist */,
			);
			name = "Supporting Files";
			sourceTree = "<group>";
		};
/* End PBXGroup section */

/* Begin PBXNativeTarget section */
		7B373A861B337C7B00BFD355 /* SpicyVal */ = {
			isa = PBXNativeTarget;
			buildConfigurationList = 7B373AA61B337C7B00BFD355 /* Build configuration list for PBXNativeTarget "SpicyVal" */;
			buildPhases = (
				7B373A831B337C7B00BFD355 /* Sources */,
				7B373A841B337C7B00BFD355 /* Frameworks */,
				7B373A851B337C7B00BFD355 /* Resources */,
			);
			buildRules = (
			);
			dependencies = (
			);
			name = SpicyVal;
			productName = SpicyVal;
			productReference = 7B373A871B337C7B00BFD355 /* SpicyVal.app */;
			productType = "com.apple.product-type.application";
		};
		7B373A9B1B337C7B00BFD355 /* SpicyValTests */ = {
			isa = PBXNativeTarget;
			buildConfigurationList = 7B373AA91B337C7B00BFD355 /* Build configuration list for PBXNativeTarget "SpicyValTests" */;
			buildPhases = (
				7B373A981B337C7B00BFD355 /* Sources */,
				7B373A991B337C7B00BFD355 /* Frameworks */,
				7B373A9A1B337C7B00BFD355 /* Resources */,
			);
			buildRules = (
			);
			dependencies = (
				7B373A9E1B337C7B00BFD355 /* PBXTargetDependency */,
			);
			name = SpicyValTests;
			productName = SpicyValTests;
			productReference = 7B373A9C1B337C7B00BFD355 /* SpicyValTests.xctest */;
			productType = "com.apple.product-type.bundle.unit-test";
		};
/* End PBXNativeTarget section */

/* Begin PBXProject section */
		7B373A7F1B337C7B00BFD355 /* Project object */ = {
			isa = PBXProject;
			attributes = {
				LastUpgradeCheck = 0630;
				ORGANIZATIONNAME = Leticia;
				TargetAttributes = {
					7B373A861B337C7B00BFD355 = {
						CreatedOnToolsVersion = 6.3.2;
					};
					7B373A9B1B337C7B00BFD355 = {
						CreatedOnToolsVersion = 6.3.2;
						TestTargetID = 7B373A861B337C7B00BFD355;
					};
				};
			};
			buildConfigurationList = 7B373A821B337C7B00BFD355 /* Build configuration list for PBXProject "SpicyVal" */;
			compatibilityVersion = "Xcode 3.2";
			developmentRegion = English;
			hasScannedForEncodings = 0;
			knownRegions = (
				en,
				Base,
			);
			mainGroup = 7B373A7E1B337C7B00BFD355;
			productRefGroup = 7B373A881B337C7B00BFD355 /* Products */;
			projectDirPath = "";
			projectRoot = "";
			targets = (
				7B373A861B337C7B00BFD355 /* SpicyVal */,
				7B373A9B1B337C7B00BFD355 /* SpicyValTests */,
			);
		};
/* End PBXProject section */

/* Begin PBXResourcesBuildPhase section */
		7B373A851B337C7B00BFD355 /* Resources */ = {
			isa = PBXResourcesBuildPhase;
			buildActionMask = 2147483647;
			files = (
				7B373A921B337C7B00BFD355 /* Main.storyboard in Resources */,
				7B373A971B337C7B00BFD355 /* LaunchScreen.xib in Resources */,
				7B373A941B337C7B00BFD355 /* Images.xcassets in Resources */,
			);
			runOnlyForDeploymentPostprocessing = 0;
		};
		7B373A9A1B337C7B00BFD355 /* Resources */ = {
			isa = PBXResourcesBuildPhase;
			buildActionMask = 2147483647;
			files = (
			);
			runOnlyForDeploymentPostprocessing = 0;
		};
/* End PBXResourcesBuildPhase section */

/* Begin PBXSourcesBuildPhase section */
		7B373A831B337C7B00BFD355 /* Sources */ = {
			isa = PBXSourcesBuildPhase;
			buildActionMask = 2147483647;
			files = (
				7B373A8F1B337C7B00BFD355 /* ViewController.swift in Sources */,
				7B373A8D1B337C7B00BFD355 /* AppDelegate.swift in Sources */,
			);
			runOnlyForDeploymentPostprocessing = 0;
		};
		7B373A981B337C7B00BFD355 /* Sources */ = {
			isa = PBXSourcesBuildPhase;
			buildActionMask = 2147483647;
			files = (
				7B373AA31B337C7B00BFD355 /* SpicyValTests.swift in Sources */,
			);
			runOnlyForDeploymentPostprocessing = 0;
		};
/* End PBXSourcesBuildPhase section */

/* Begin PBXTargetDependency section */
		7B373A9E1B337C7B00BFD355 /* PBXTargetDependency */ = {
			isa = PBXTargetDependency;
			target = 7B373A861B337C7B00BFD355 /* SpicyVal */;
			targetProxy = 7B373A9D1B337C7B00BFD355 /* PBXContainerItemProxy */;
		};
/* End PBXTargetDependency section */

/* Begin PBXVariantGroup section */
		7B373A901B337C7B00BFD355 /* Main.storyboard */ = {
			isa = PBXVariantGroup;
			children = (
				7B373A911B337C7B00BFD355 /* Base */,
			);
			name = Main.storyboard;
			sourceTree = "<group>";
		};
		7B373A951B337C7B00BFD355 /* LaunchScreen.xib */ = {
			isa = PBXVariantGroup;
			children = (
				7B373A961B337C7B00BFD355 /* Base */,
			);
			name = LaunchScreen.xib;
			sourceTree = "<group>";
		};
/* End PBXVariantGroup section */

/* Begin XCBuildConfiguration section */
		7B373AA41B337C7B00BFD355 /* Debug */ = {
			isa = XCBuildConfiguration;
			buildSettings = {
				ALWAYS_SEARCH_USER_PATHS = NO;
				CLANG_CXX_LANGUAGE_STANDARD = "gnu++0x";
				CLANG_CXX_LIBRARY = "libc++";
				CLANG_ENABLE_MODULES = YES;
				CLANG_ENABLE_OBJC_ARC = YES;
				CLANG_WARN_BOOL_CONVERSION = YES;
				CLANG_WARN_CONSTANT_CONVERSION = YES;
				CLANG_WARN_DIRECT_OBJC_ISA_USAGE = YES_ERROR;
				CLANG_WARN_EMPTY_BODY = YES;
				CLANG_WARN_ENUM_CONVERSION = YES;
				CLANG_WARN_INT_CONVERSION = YES;
				CLANG_WARN_OBJC_ROOT_CLASS = YES_ERROR;
				CLANG_WARN_UNREACHABLE_CODE = YES;
				CLANG_WARN__DUPLICATE_METHOD_MATCH = YES;
				"CODE_SIGN_IDENTITY[sdk=iphoneos*]" = "iPhone Developer";
				COPY_PHASE_STRIP = NO;
				DEBUG_INFORMATION_FORMAT = "dwarf-with-dsym";
				ENABLE_STRICT_OBJC_MSGSEND = YES;
				GCC_C_LANGUAGE_STANDARD = gnu99;
				GCC_DYNAMIC_NO_PIC = NO;
				GCC_NO_COMMON_BLOCKS = YES;
				GCC_OPTIMIZATION_LEVEL = 0;
				GCC_PREPROCESSOR_DEFINITIONS = (
					"DEBUG=1",
					"$(inherited)",
				);
				GCC_SYMBOLS_PRIVATE_EXTERN = NO;
				GCC_WARN_64_TO_32_BIT_CONVERSION = YES;
				GCC_WARN_ABOUT_RETURN_TYPE = YES_ERROR;
				GCC_WARN_UNDECLARED_SELECTOR = YES;
				GCC_WARN_UNINITIALIZED_AUTOS = YES_AGGRESSIVE;
				GCC_WARN_UNUSED_FUNCTION = YES;
				GCC_WARN_UNUSED_VARIABLE = YES;
				IPHONEOS_DEPLOYMENT_TARGET = 8.3;
				MTL_ENABLE_DEBUG_INFO = YES;
				ONLY_ACTIVE_ARCH = YES;
				SDKROOT = iphoneos;
				SWIFT_OPTIMIZATION_LEVEL = "-Onone";
			};
			name = Debug;
		};
		7B373AA51B337C7B00BFD355 /* Release */ = {
			isa = XCBuildConfiguration;
			buildSettings = {
				ALWAYS_SEARCH_USER_PATHS = NO;
				CLANG_CXX_LANGUAGE_STANDARD = "gnu++0x";
				CLANG_CXX_LIBRARY = "libc++";
				CLANG_ENABLE_MODULES = YES;
				CLANG_ENABLE_OBJC_ARC = YES;
				CLANG_WARN_BOOL_CONVERSION = YES;
				CLANG_WARN_CONSTANT_CONVERSION = YES;
				CLANG_WARN_DIRECT_OBJC_ISA_USAGE = YES_ERROR;
				CLANG_WARN_EMPTY_BODY = YES;
				CLANG_WARN_ENUM_CONVERSION = YES;
				CLANG_WARN_INT_CONVERSION = YES;
				CLANG_WARN_OBJC_ROOT_CLASS = YES_ERROR;
				CLANG_WARN_UNREACHABLE_CODE = YES;
				CLANG_WARN__DUPLICATE_METHOD_MATCH = YES;
				"CODE_SIGN_IDENTITY[sdk=iphoneos*]" = "iPhone Developer";
				COPY_PHASE_STRIP = NO;
				DEBUG_INFORMATION_FORMAT = "dwarf-with-dsym";
				ENABLE_NS_ASSERTIONS = NO;
				ENABLE_STRICT_OBJC_MSGSEND = YES;
				GCC_C_LANGUAGE_STANDARD = gnu99;
				GCC_NO_COMMON_BLOCKS = YES;
				GCC_WARN_64_TO_32_BIT_CONVERSION = YES;
				GCC_WARN_ABOUT_RETURN_TYPE = YES_ERROR;
				GCC_WARN_UNDECLARED_SELECTOR = YES;
				GCC_WARN_UNINITIALIZED_AUTOS = YES_AGGRESSIVE;
				GCC_WARN_UNUSED_FUNCTION = YES;
				GCC_WARN_UNUSED_VARIABLE = YES;
				IPHONEOS_DEPLOYMENT_TARGET = 8.3;
				MTL_ENABLE_DEBUG_INFO = NO;
				SDKROOT = iphoneos;
				VALIDATE_PRODUCT = YES;
			};
			name = Release;
		};
		7B373AA71B337C7B00BFD355 /* Debug */ = {
			isa = XCBuildConfiguration;
			buildSettings = {
				ASSETCATALOG_COMPILER_APPICON_NAME = AppIcon;
				INFOPLIST_FILE = SpicyVal/Info.plist;
				LD_RUNPATH_SEARCH_PATHS = "$(inherited) @executable_path/Frameworks";
				PRODUCT_NAME = "$(TARGET_NAME)";
			};
			name = Debug;
		};
		7B373AA81B337C7B00BFD355 /* Release */ = {
			isa = XCBuildConfiguration;
			buildSettings = {
				ASSETCATALOG_COMPILER_APPICON_NAME = AppIcon;
				INFOPLIST_FILE = SpicyVal/Info.plist;
				LD_RUNPATH_SEARCH_PATHS = "$(inherited) @executable_path/Frameworks";
				PRODUCT_NAME = "$(TARGET_NAME)";
			};
			name = Release;
		};
		7B373AAA1B337C7B00BFD355 /* Debug */ = {
			isa = XCBuildConfiguration;
			buildSettings = {
				BUNDLE_LOADER = "$(TEST_HOST)";
				FRAMEWORK_SEARCH_PATHS = (
					"$(SDKROOT)/Developer/Library/Frameworks",
					"$(inherited)",
				);
				GCC_PREPROCESSOR_DEFINITIONS = (
					"DEBUG=1",
					"$(inherited)",
				);
				INFOPLIST_FILE = SpicyValTests/Info.plist;
				LD_RUNPATH_SEARCH_PATHS = "$(inherited) @executable_path/Frameworks @loader_path/Frameworks";
				PRODUCT_NAME = "$(TARGET_NAME)";
				TEST_HOST = "$(BUILT_PRODUCTS_DIR)/SpicyVal.app/SpicyVal";
			};
			name = Debug;
		};
		7B373AAB1B337C7B00BFD355 /* Release */ = {
			isa = XCBuildConfiguration;
			buildSettings = {
				BUNDLE_LOADER = "$(TEST_HOST)";
				FRAMEWORK_SEARCH_PATHS = (
					"$(SDKROOT)/Developer/Library/Frameworks",
					"$(inherited)",
				);
				INFOPLIST_FILE = SpicyValTests/Info.plist;
				LD_RUNPATH_SEARCH_PATHS = "$(inherited) @executable_path/Frameworks @loader_path/Frameworks";
				PRODUCT_NAME = "$(TARGET_NAME)";
				TEST_HOST = "$(BUILT_PRODUCTS_DIR)/SpicyVal.app/SpicyVal";
			};
			name = Release;
		};
/* End XCBuildConfiguration section */

/* Begin XCConfigurationList section */
		7B373A821B337C7B00BFD355 /* Build configuration list for PBXProject "SpicyVal" */ = {
			isa = XCConfigurationList;
			buildConfigurations = (
				7B373AA41B337C7B00BFD355 /* Debug */,
				7B373AA51B337C7B00BFD355 /* Release */,
			);
			defaultConfigurationIsVisible = 0;
			defaultConfigurationName = Release;
		};
		7B373AA61B337C7B00BFD355 /* Build configuration list for PBXNativeTarget "SpicyVal" */ = {
			isa = XCConfigurationList;
			buildConfigurations = (
				7B373AA71B337C7B00BFD355 /* Debug */,
				7B373AA81B337C7B00BFD355 /* Release */,
			);
			defaultConfigurationIsVisible = 0;
		};
		7B373AA91B337C7B00BFD355 /* Build configuration list for PBXNativeTarget "SpicyValTests" */ = {
			isa = XCConfigurationList;
			buildConfigurations = (
				7B373AAA1B337C7B00BFD355 /* Debug */,
				7B373AAB1B337C7B00BFD355 /* Release */,
			);
			defaultConfigurationIsVisible = 0;
		};
/* End XCConfigurationList section */
	};
	rootObject = 7B373A7F1B337C7B00BFD355 /* Project object */;
}
